
Microsoft Visual Studio Solution File, Format Version 12.00
# Visual Studio Version 16
VisualStudioVersion = 16.0.29403.142
MinimumVisualStudioVersion = 10.0.40219.1
Project("{FAE04EC0-301F-11D3-BF4B-00C04F79EFBC}") = "Tindev", "Tindev\Tindev.csproj", "{48AE0165-EFAB-4953-AC73-56252D16485A}"
EndProject
Global
	GlobalSection(SolutionConfigurationPlatforms) = preSolution
		Debug|Any CPU = Debug|Any CPU
		Release|Any CPU = Release|Any CPU
	EndGlobalSection
	GlobalSection(ProjectConfigurationPlatforms) = postSolution
		{48AE0165-EFAB-4953-AC73-56252D16485A}.Debug|Any CPU.ActiveCfg = Debug|Any CPU
		{48AE0165-EFAB-4953-AC73-56252D16485A}.Debug|Any CPU.Build.0 = Debug|Any CPU
		{48AE0165-EFAB-4953-AC73-56252D16485A}.Release|Any CPU.ActiveCfg = Release|Any CPU
		{48AE0165-EFAB-4953-AC73-56252D16485A}.Release|Any CPU.Build.0 = Release|Any CPU
	EndGlobalSection
	GlobalSection(SolutionProperties) = preSolution
		HideSolutionNode = FALSE
	EndGlobalSection
	GlobalSection(ExtensibilityGlobals) = postSolution
		SolutionGuid = {E6F8944F-7E42-4BDF-8C6D-74B7691D7E3E}
	EndGlobalSection
EndGlobal
